{
  "requires": true,
  "lockfileVersion": 1,
  "dependencies": {
    "animejs": {
      "version": "3.2.1",
      "resolved": "https://registry.npm.taobao.org/animejs/download/animejs-3.2.1.tgz",
      "integrity": "sha1-3p/i55L0Snd6f99q4WDiZgSwzdo="
    },
    "fullpage.js": {
      "version": "3.0.9",
      "resolved": "https://registry.npm.taobao.org/fullpage.js/download/fullpage.js-3.0.9.tgz",
      "integrity": "sha1-/H26QdUh8CClHpwA+w/uDS4R1VI="
    }
  }
}
